// !$*UTF8*$!
{
	archiveVersion = 1;
	classes = {
	};
	objectVersion = 50;
	objects = {

/* Begin PBXBuildFile section */
		CE4A231024EDEA6500F0C0D5 /* JSONDecoder.swift in Sources */ = {isa = PBXBuildFile; fileRef = CE4A230F24EDEA6500F0C0D5 /* JSONDecoder.swift */; };
		CE4A231224EDEAA500F0C0D5 /* DateFormatter.swift in Sources */ = {isa = PBXBuildFile; fileRef = CE4A231124EDEAA500F0C0D5 /* DateFormatter.swift */; };
		CE8F1AE224A12CA600E5D6C9 /* Constants.swift in Sources */ = {isa = PBXBuildFile; fileRef = CEE70419249C397E00628F69 /* Constants.swift */; };
		CE9696AA24A03FBD006D2CBF /* AlbumModelTests.swift in Sources */ = {isa = PBXBuildFile; fileRef = CE9696A924A03FBD006D2CBF /* AlbumModelTests.swift */; };
		CE9696AC24A04210006D2CBF /* NetworkManagerTests.swift in Sources */ = {isa = PBXBuildFile; fileRef = CE9696AB24A04210006D2CBF /* NetworkManagerTests.swift */; };
		CE9696AE24A04996006D2CBF /* response.json in Resources */ = {isa = PBXBuildFile; fileRef = CE9696AD24A04996006D2CBF /* response.json */; };
		CE9696AF24A0518D006D2CBF /* response.json in Resources */ = {isa = PBXBuildFile; fileRef = CE9696AD24A04996006D2CBF /* response.json */; };
		CE9696B124A07E98006D2CBF /* responseWithMissingField.json in Resources */ = {isa = PBXBuildFile; fileRef = CE9696B024A07E98006D2CBF /* responseWithMissingField.json */; };
		CE9696B224A07EAC006D2CBF /* responseWithMissingField.json in Resources */ = {isa = PBXBuildFile; fileRef = CE9696B024A07E98006D2CBF /* responseWithMissingField.json */; };
		CEE703DB249C03DF00628F69 /* AppDelegate.swift in Sources */ = {isa = PBXBuildFile; fileRef = CEE703DA249C03DF00628F69 /* AppDelegate.swift */; };
		CEE703E2249C03DF00628F69 /* Main.storyboard in Resources */ = {isa = PBXBuildFile; fileRef = CEE703E0249C03DF00628F69 /* Main.storyboard */; };
		CEE703E4249C03E200628F69 /* Assets.xcassets in Resources */ = {isa = PBXBuildFile; fileRef = CEE703E3249C03E200628F69 /* Assets.xcassets */; };
		CEE703E7249C03E200628F69 /* LaunchScreen.storyboard in Resources */ = {isa = PBXBuildFile; fileRef = CEE703E5249C03E200628F69 /* LaunchScreen.storyboard */; };
		CEE703F2249C03E200628F69 /* Top100AlbumsTests.swift in Sources */ = {isa = PBXBuildFile; fileRef = CEE703F1249C03E200628F69 /* Top100AlbumsTests.swift */; };
		CEE703FD249C03E200628F69 /* Top100AlbumsUITests.swift in Sources */ = {isa = PBXBuildFile; fileRef = CEE703FC249C03E200628F69 /* Top100AlbumsUITests.swift */; };
		CEE7040E249C045200628F69 /* MainViewController.swift in Sources */ = {isa = PBXBuildFile; fileRef = CEE7040A249C045200628F69 /* MainViewController.swift */; };
		CEE7040F249C045200628F69 /* AlbumModel.swift in Sources */ = {isa = PBXBuildFile; fileRef = CEE7040B249C045200628F69 /* AlbumModel.swift */; };
		CEE70411249C045200628F69 /* NetworkManager.swift in Sources */ = {isa = PBXBuildFile; fileRef = CEE7040D249C045200628F69 /* NetworkManager.swift */; };
		CEE7041A249C397E00628F69 /* Constants.swift in Sources */ = {isa = PBXBuildFile; fileRef = CEE70419249C397E00628F69 /* Constants.swift */; };
		CEE7041D249C3EB900628F69 /* UIImageView.swift in Sources */ = {isa = PBXBuildFile; fileRef = CEE7041C249C3EB900628F69 /* UIImageView.swift */; };
		CEE70424249D3AFD00628F69 /* UIViewController.swift in Sources */ = {isa = PBXBuildFile; fileRef = CEE70423249D3AFD00628F69 /* UIViewController.swift */; };
		CEE70426249D5B4800628F69 /* ListTableViewCell.swift in Sources */ = {isa = PBXBuildFile; fileRef = CEE70425249D5B4800628F69 /* ListTableViewCell.swift */; };
		CEE7042C249D949400628F69 /* DetailViewController.swift in Sources */ = {isa = PBXBuildFile; fileRef = CEE7042B249D949400628F69 /* DetailViewController.swift */; };
/* End PBXBuildFile section */

/* Begin PBXContainerItemProxy section */
		CEE703EE249C03E200628F69 /* PBXContainerItemProxy */ = {
			isa = PBXContainerItemProxy;
			containerPortal = CEE703CF249C03DF00628F69 /* Project object */;
			proxyType = 1;
			remoteGlobalIDString = CEE703D6249C03DF00628F69;
			remoteInfo = Top100Albums;
		};
		CEE703F9249C03E200628F69 /* PBXContainerItemProxy */ = {
			isa = PBXContainerItemProxy;
			containerPortal = CEE703CF249C03DF00628F69 /* Project object */;
			proxyType = 1;
			remoteGlobalIDString = CEE703D6249C03DF00628F69;
			remoteInfo = Top100Albums;
		};
/* End PBXContainerItemProxy section */

/* Begin PBXFileReference section */
		CE4A230F24EDEA6500F0C0D5 /* JSONDecoder.swift */ = {isa = PBXFileReference; lastKnownFileType = sourcecode.swift; path = JSONDecoder.swift; sourceTree = "<group>"; };
		CE4A231124EDEAA500F0C0D5 /* DateFormatter.swift */ = {isa = PBXFileReference; lastKnownFileType = sourcecode.swift; path = DateFormatter.swift; sourceTree = "<group>"; };
		CE9696A924A03FBD006D2CBF /* AlbumModelTests.swift */ = {isa = PBXFileReference; lastKnownFileType = sourcecode.swift; path = AlbumModelTests.swift; sourceTree = "<group>"; };
		CE9696AB24A04210006D2CBF /* NetworkManagerTests.swift */ = {isa = PBXFileReference; lastKnownFileType = sourcecode.swift; path = NetworkManagerTests.swift; sourceTree = "<group>"; };
		CE9696AD24A04996006D2CBF /* response.json */ = {isa = PBXFileReference; lastKnownFileType = text.json; path = response.json; sourceTree = "<group>"; };
		CE9696B024A07E98006D2CBF /* responseWithMissingField.json */ = {isa = PBXFileReference; lastKnownFileType = text.json; path = responseWithMissingField.json; sourceTree = "<group>"; };
		CEE703D7249C03DF00628F69 /* Top100Albums.app */ = {isa = PBXFileReference; explicitFileType = wrapper.application; includeInIndex = 0; path = Top100Albums.app; sourceTree = BUILT_PRODUCTS_DIR; };
		CEE703DA249C03DF00628F69 /* AppDelegate.swift */ = {isa = PBXFileReference; lastKnownFileType = sourcecode.swift; path = AppDelegate.swift; sourceTree = "<group>"; };
		CEE703E1249C03DF00628F69 /* Base */ = {isa = PBXFileReference; lastKnownFileType = file.storyboard; name = Base; path = Base.lproj/Main.storyboard; sourceTree = "<group>"; };
		CEE703E3249C03E200628F69 /* Assets.xcassets */ = {isa = PBXFileReference; lastKnownFileType = folder.assetcatalog; path = Assets.xcassets; sourceTree = "<group>"; };
		CEE703E6249C03E200628F69 /* Base */ = {isa = PBXFileReference; lastKnownFileType = file.storyboard; name = Base; path = Base.lproj/LaunchScreen.storyboard; sourceTree = "<group>"; };
		CEE703E8249C03E200628F69 /* Info.plist */ = {isa = PBXFileReference; lastKnownFileType = text.plist.xml; path = Info.plist; sourceTree = "<group>"; };
		CEE703ED249C03E200628F69 /* Top100AlbumsTests.xctest */ = {isa = PBXFileReference; explicitFileType = wrapper.cfbundle; includeInIndex = 0; path = Top100AlbumsTests.xctest; sourceTree = BUILT_PRODUCTS_DIR; };
		CEE703F1249C03E200628F69 /* Top100AlbumsTests.swift */ = {isa = PBXFileReference; lastKnownFileType = sourcecode.swift; path = Top100AlbumsTests.swift; sourceTree = "<group>"; };
		CEE703F3249C03E200628F69 /* Info.plist */ = {isa = PBXFileReference; lastKnownFileType = text.plist.xml; path = Info.plist; sourceTree = "<group>"; };
		CEE703F8249C03E200628F69 /* Top100AlbumsUITests.xctest */ = {isa = PBXFileReference; explicitFileType = wrapper.cfbundle; includeInIndex = 0; path = Top100AlbumsUITests.xctest; sourceTree = BUILT_PRODUCTS_DIR; };
		CEE703FC249C03E200628F69 /* Top100AlbumsUITests.swift */ = {isa = PBXFileReference; lastKnownFileType = sourcecode.swift; path = Top100AlbumsUITests.swift; sourceTree = "<group>"; };
		CEE703FE249C03E200628F69 /* Info.plist */ = {isa = PBXFileReference; lastKnownFileType = text.plist.xml; path = Info.plist; sourceTree = "<group>"; };
		CEE7040A249C045200628F69 /* MainViewController.swift */ = {isa = PBXFileReference; fileEncoding = 4; lastKnownFileType = sourcecode.swift; path = MainViewController.swift; sourceTree = "<group>"; };
		CEE7040B249C045200628F69 /* AlbumModel.swift */ = {isa = PBXFileReference; fileEncoding = 4; lastKnownFileType = sourcecode.swift; path = AlbumModel.swift; sourceTree = "<group>"; };
		CEE7040D249C045200628F69 /* NetworkManager.swift */ = {isa = PBXFileReference; fileEncoding = 4; lastKnownFileType = sourcecode.swift; path = NetworkManager.swift; sourceTree = "<group>"; };
		CEE70419249C397E00628F69 /* Constants.swift */ = {isa = PBXFileReference; lastKnownFileType = sourcecode.swift; path = Constants.swift; sourceTree = "<group>"; };
		CEE7041C249C3EB900628F69 /* UIImageView.swift */ = {isa = PBXFileReference; lastKnownFileType = sourcecode.swift; path = UIImageView.swift; sourceTree = "<group>"; };
		CEE70423249D3AFD00628F69 /* UIViewController.swift */ = {isa = PBXFileReference; lastKnownFileType = sourcecode.swift; path = UIViewController.swift; sourceTree = "<group>"; };
		CEE70425249D5B4800628F69 /* ListTableViewCell.swift */ = {isa = PBXFileReference; lastKnownFileType = sourcecode.swift; path = ListTableViewCell.swift; sourceTree = "<group>"; };
		CEE7042B249D949400628F69 /* DetailViewController.swift */ = {isa = PBXFileReference; lastKnownFileType = sourcecode.swift; path = DetailViewController.swift; sourceTree = "<group>"; };
/* End PBXFileReference section */

/* Begin PBXFrameworksBuildPhase section */
		CEE703D4249C03DF00628F69 /* Frameworks */ = {
			isa = PBXFrameworksBuildPhase;
			buildActionMask = 2147483647;
			files = (
			);
			runOnlyForDeploymentPostprocessing = 0;
		};
		CEE703EA249C03E200628F69 /* Frameworks */ = {
			isa = PBXFrameworksBuildPhase;
			buildActionMask = 2147483647;
			files = (
			);
			runOnlyForDeploymentPostprocessing = 0;
		};
		CEE703F5249C03E200628F69 /* Frameworks */ = {
			isa = PBXFrameworksBuildPhase;
			buildActionMask = 2147483647;
			files = (
			);
			runOnlyForDeploymentPostprocessing = 0;
		};
/* End PBXFrameworksBuildPhase section */

/* Begin PBXGroup section */
		CEE703CE249C03DF00628F69 = {
			isa = PBXGroup;
			children = (
				CEE703D9249C03DF00628F69 /* Top100Albums */,
				CEE703F0249C03E200628F69 /* Top100AlbumsTests */,
				CEE703FB249C03E200628F69 /* Top100AlbumsUITests */,
				CEE703D8249C03DF00628F69 /* Products */,
			);
			sourceTree = "<group>";
		};
		CEE703D8249C03DF00628F69 /* Products */ = {
			isa = PBXGroup;
			children = (
				CEE703D7249C03DF00628F69 /* Top100Albums.app */,
				CEE703ED249C03E200628F69 /* Top100AlbumsTests.xctest */,
				CEE703F8249C03E200628F69 /* Top100AlbumsUITests.xctest */,
			);
			name = Products;
			sourceTree = "<group>";
		};
		CEE703D9249C03DF00628F69 /* Top100Albums */ = {
			isa = PBXGroup;
			children = (
				CEE70420249C441900628F69 /* Views */,
				CEE7041B249C3E9B00628F69 /* Extensions */,
				CEE70418249C396700628F69 /* Constants */,
				CEE70417249C38ED00628F69 /* ProjectFiles */,
				CEE70416249C38CE00628F69 /* Managers */,
				CEE70415249C38BD00628F69 /* Models */,
				CEE70414249C389200628F69 /* Controllers */,
			);
			path = Top100Albums;
			sourceTree = "<group>";
		};
		CEE703F0249C03E200628F69 /* Top100AlbumsTests */ = {
			isa = PBXGroup;
			children = (
				CEE703F1249C03E200628F69 /* Top100AlbumsTests.swift */,
				CEE703F3249C03E200628F69 /* Info.plist */,
				CE9696A924A03FBD006D2CBF /* AlbumModelTests.swift */,
				CE9696AB24A04210006D2CBF /* NetworkManagerTests.swift */,
				CE9696AD24A04996006D2CBF /* response.json */,
				CE9696B024A07E98006D2CBF /* responseWithMissingField.json */,
			);
			path = Top100AlbumsTests;
			sourceTree = "<group>";
		};
		CEE703FB249C03E200628F69 /* Top100AlbumsUITests */ = {
			isa = PBXGroup;
			children = (
				CEE703FC249C03E200628F69 /* Top100AlbumsUITests.swift */,
				CEE703FE249C03E200628F69 /* Info.plist */,
			);
			path = Top100AlbumsUITests;
			sourceTree = "<group>";
		};
		CEE70414249C389200628F69 /* Controllers */ = {
			isa = PBXGroup;
			children = (
				CEE7040A249C045200628F69 /* MainViewController.swift */,
				CEE7042B249D949400628F69 /* DetailViewController.swift */,
			);
			name = Controllers;
			sourceTree = "<group>";
		};
		CEE70415249C38BD00628F69 /* Models */ = {
			isa = PBXGroup;
			children = (
				CEE7040B249C045200628F69 /* AlbumModel.swift */,
			);
			name = Models;
			sourceTree = "<group>";
		};
		CEE70416249C38CE00628F69 /* Managers */ = {
			isa = PBXGroup;
			children = (
				CEE7040D249C045200628F69 /* NetworkManager.swift */,
			);
			name = Managers;
			sourceTree = "<group>";
		};
		CEE70417249C38ED00628F69 /* ProjectFiles */ = {
			isa = PBXGroup;
			children = (
				CEE703DA249C03DF00628F69 /* AppDelegate.swift */,
				CEE703E0249C03DF00628F69 /* Main.storyboard */,
				CEE703E3249C03E200628F69 /* Assets.xcassets */,
				CEE703E5249C03E200628F69 /* LaunchScreen.storyboard */,
				CEE703E8249C03E200628F69 /* Info.plist */,
			);
			name = ProjectFiles;
			sourceTree = "<group>";
		};
		CEE70418249C396700628F69 /* Constants */ = {
			isa = PBXGroup;
			children = (
				CEE70419249C397E00628F69 /* Constants.swift */,
			);
			name = Constants;
			sourceTree = "<group>";
		};
		CEE7041B249C3E9B00628F69 /* Extensions */ = {
			isa = PBXGroup;
			children = (
				CEE7041C249C3EB900628F69 /* UIImageView.swift */,
				CEE70423249D3AFD00628F69 /* UIViewController.swift */,
				CE4A230F24EDEA6500F0C0D5 /* JSONDecoder.swift */,
				CE4A231124EDEAA500F0C0D5 /* DateFormatter.swift */,
			);
			name = Extensions;
			sourceTree = "<group>";
		};
		CEE70420249C441900628F69 /* Views */ = {
			isa = PBXGroup;
			children = (
				CEE70425249D5B4800628F69 /* ListTableViewCell.swift */,
			);
			name = Views;
			sourceTree = "<group>";
		};
/* End PBXGroup section */

/* Begin PBXNativeTarget section */
		CEE703D6249C03DF00628F69 /* Top100Albums */ = {
			isa = PBXNativeTarget;
			buildConfigurationList = CEE70401249C03E200628F69 /* Build configuration list for PBXNativeTarget "Top100Albums" */;
			buildPhases = (
				CEE703D3249C03DF00628F69 /* Sources */,
				CEE703D4249C03DF00628F69 /* Frameworks */,
				CEE703D5249C03DF00628F69 /* Resources */,
			);
			buildRules = (
			);
			dependencies = (
			);
			name = Top100Albums;
			productName = Top100Albums;
			productReference = CEE703D7249C03DF00628F69 /* Top100Albums.app */;
			productType = "com.apple.product-type.application";
		};
		CEE703EC249C03E200628F69 /* Top100AlbumsTests */ = {
			isa = PBXNativeTarget;
			buildConfigurationList = CEE70404249C03E200628F69 /* Build configuration list for PBXNativeTarget "Top100AlbumsTests" */;
			buildPhases = (
				CEE703E9249C03E200628F69 /* Sources */,
				CEE703EA249C03E200628F69 /* Frameworks */,
				CEE703EB249C03E200628F69 /* Resources */,
			);
			buildRules = (
			);
			dependencies = (
				CEE703EF249C03E200628F69 /* PBXTargetDependency */,
			);
			name = Top100AlbumsTests;
			productName = Top100AlbumsTests;
			productReference = CEE703ED249C03E200628F69 /* Top100AlbumsTests.xctest */;
			productType = "com.apple.product-type.bundle.unit-test";
		};
		CEE703F7249C03E200628F69 /* Top100AlbumsUITests */ = {
			isa = PBXNativeTarget;
			buildConfigurationList = CEE70407249C03E200628F69 /* Build configuration list for PBXNativeTarget "Top100AlbumsUITests" */;
			buildPhases = (
				CEE703F4249C03E200628F69 /* Sources */,
				CEE703F5249C03E200628F69 /* Frameworks */,
				CEE703F6249C03E200628F69 /* Resources */,
			);
			buildRules = (
			);
			dependencies = (
				CEE703FA249C03E200628F69 /* PBXTargetDependency */,
			);
			name = Top100AlbumsUITests;
			productName = Top100AlbumsUITests;
			productReference = CEE703F8249C03E200628F69 /* Top100AlbumsUITests.xctest */;
			productType = "com.apple.product-type.bundle.ui-testing";
		};
/* End PBXNativeTarget section */

/* Begin PBXProject section */
		CEE703CF249C03DF00628F69 /* Project object */ = {
			isa = PBXProject;
			attributes = {
				LastSwiftUpdateCheck = 1150;
				LastUpgradeCheck = 1150;
				ORGANIZATIONNAME = "Paus Productions";
				TargetAttributes = {
					CEE703D6249C03DF00628F69 = {
						CreatedOnToolsVersion = 11.5;
					};
					CEE703EC249C03E200628F69 = {
						CreatedOnToolsVersion = 11.5;
						TestTargetID = CEE703D6249C03DF00628F69;
					};
					CEE703F7249C03E200628F69 = {
						CreatedOnToolsVersion = 11.5;
						TestTargetID = CEE703D6249C03DF00628F69;
					};
				};
			};
			buildConfigurationList = CEE703D2249C03DF00628F69 /* Build configuration list for PBXProject "Top100Albums" */;
			compatibilityVersion = "Xcode 9.3";
			developmentRegion = en;
			hasScannedForEncodings = 0;
			knownRegions = (
				en,
				Base,
			);
			mainGroup = CEE703CE249C03DF00628F69;
			productRefGroup = CEE703D8249C03DF00628F69 /* Products */;
			projectDirPath = "";
			projectRoot = "";
			targets = (
				CEE703D6249C03DF00628F69 /* Top100Albums */,
				CEE703EC249C03E200628F69 /* Top100AlbumsTests */,
				CEE703F7249C03E200628F69 /* Top100AlbumsUITests */,
			);
		};
/* End PBXProject section */

/* Begin PBXResourcesBuildPhase section */
		CEE703D5249C03DF00628F69 /* Resources */ = {
			isa = PBXResourcesBuildPhase;
			buildActionMask = 2147483647;
			files = (
				CE9696B224A07EAC006D2CBF /* responseWithMissingField.json in Resources */,
				CE9696AF24A0518D006D2CBF /* response.json in Resources */,
				CEE703E7249C03E200628F69 /* LaunchScreen.storyboard in Resources */,
				CEE703E4249C03E200628F69 /* Assets.xcassets in Resources */,
				CEE703E2249C03DF00628F69 /* Main.storyboard in Resources */,
			);
			runOnlyForDeploymentPostprocessing = 0;
		};
		CEE703EB249C03E200628F69 /* Resources */ = {
			isa = PBXResourcesBuildPhase;
			buildActionMask = 2147483647;
			files = (
				CE9696B124A07E98006D2CBF /* responseWithMissingField.json in Resources */,
				CE9696AE24A04996006D2CBF /* response.json in Resources */,
			);
			runOnlyForDeploymentPostprocessing = 0;
		};
		CEE703F6249C03E200628F69 /* Resources */ = {
			isa = PBXResourcesBuildPhase;
			buildActionMask = 2147483647;
			files = (
			);
			runOnlyForDeploymentPostprocessing = 0;
		};
/* End PBXResourcesBuildPhase section */

/* Begin PBXSourcesBuildPhase section */
		CEE703D3249C03DF00628F69 /* Sources */ = {
			isa = PBXSourcesBuildPhase;
			buildActionMask = 2147483647;
			files = (
				CEE70426249D5B4800628F69 /* ListTableViewCell.swift in Sources */,
				CEE7040F249C045200628F69 /* AlbumModel.swift in Sources */,
				CE4A231024EDEA6500F0C0D5 /* JSONDecoder.swift in Sources */,
				CEE70411249C045200628F69 /* NetworkManager.swift in Sources */,
				CEE7042C249D949400628F69 /* DetailViewController.swift in Sources */,
				CE4A231224EDEAA500F0C0D5 /* DateFormatter.swift in Sources */,
				CEE7041D249C3EB900628F69 /* UIImageView.swift in Sources */,
				CEE703DB249C03DF00628F69 /* AppDelegate.swift in Sources */,
				CEE70424249D3AFD00628F69 /* UIViewController.swift in Sources */,
				CEE7040E249C045200628F69 /* MainViewController.swift in Sources */,
				CEE7041A249C397E00628F69 /* Constants.swift in Sources */,
			);
			runOnlyForDeploymentPostprocessing = 0;
		};
		CEE703E9249C03E200628F69 /* Sources */ = {
			isa = PBXSourcesBuildPhase;
			buildActionMask = 2147483647;
			files = (
				CE9696AC24A04210006D2CBF /* NetworkManagerTests.swift in Sources */,
				CEE703F2249C03E200628F69 /* Top100AlbumsTests.swift in Sources */,
				CE9696AA24A03FBD006D2CBF /* AlbumModelTests.swift in Sources */,
			);
			runOnlyForDeploymentPostprocessing = 0;
		};
		CEE703F4249C03E200628F69 /* Sources */ = {
			isa = PBXSourcesBuildPhase;
			buildActionMask = 2147483647;
			files = (
				CEE703FD249C03E200628F69 /* Top100AlbumsUITests.swift in Sources */,
				CE8F1AE224A12CA600E5D6C9 /* Constants.swift in Sources */,
			);
			runOnlyForDeploymentPostprocessing = 0;
		};
/* End PBXSourcesBuildPhase section */

/* Begin PBXTargetDependency section */
		CEE703EF249C03E200628F69 /* PBXTargetDependency */ = {
			isa = PBXTargetDependency;
			target = CEE703D6249C03DF00628F69 /* Top100Albums */;
			targetProxy = CEE703EE249C03E200628F69 /* PBXContainerItemProxy */;
		};
		CEE703FA249C03E200628F69 /* PBXTargetDependency */ = {
			isa = PBXTargetDependency;
			target = CEE703D6249C03DF00628F69 /* Top100Albums */;
			targetProxy = CEE703F9249C03E200628F69 /* PBXContainerItemProxy */;
		};
/* End PBXTargetDependency section */

/* Begin PBXVariantGroup section */
		CEE703E0249C03DF00628F69 /* Main.storyboard */ = {
			isa = PBXVariantGroup;
			children = (
				CEE703E1249C03DF00628F69 /* Base */,
			);
			name = Main.storyboard;
			sourceTree = "<group>";
		};
		CEE703E5249C03E200628F69 /* LaunchScreen.storyboard */ = {
			isa = PBXVariantGroup;
			children = (
				CEE703E6249C03E200628F69 /* Base */,
			);
			name = LaunchScreen.storyboard;
			sourceTree = "<group>";
		};
/* End PBXVariantGroup section */

/* Begin XCBuildConfiguration section */
		CEE703FF249C03E200628F69 /* Debug */ = {
			isa = XCBuildConfiguration;
			buildSettings = {
				ALWAYS_SEARCH_USER_PATHS = NO;
				CLANG_ANALYZER_NONNULL = YES;
				CLANG_ANALYZER_NUMBER_OBJECT_CONVERSION = YES_AGGRESSIVE;
				CLANG_CXX_LANGUAGE_STANDARD = "gnu++14";
				CLANG_CXX_LIBRARY = "libc++";
				CLANG_ENABLE_MODULES = YES;
				CLANG_ENABLE_OBJC_ARC = YES;
				CLANG_ENABLE_OBJC_WEAK = YES;
				CLANG_WARN_BLOCK_CAPTURE_AUTORELEASING = YES;
				CLANG_WARN_BOOL_CONVERSION = YES;
				CLANG_WARN_COMMA = YES;
				CLANG_WARN_CONSTANT_CONVERSION = YES;
				CLANG_WARN_DEPRECATED_OBJC_IMPLEMENTATIONS = YES;
				CLANG_WARN_DIRECT_OBJC_ISA_USAGE = YES_ERROR;
				CLANG_WARN_DOCUMENTATION_COMMENTS = YES;
				CLANG_WARN_EMPTY_BODY = YES;
				CLANG_WARN_ENUM_CONVERSION = YES;
				CLANG_WARN_INFINITE_RECURSION = YES;
				CLANG_WARN_INT_CONVERSION = YES;
				CLANG_WARN_NON_LITERAL_NULL_CONVERSION = YES;
				CLANG_WARN_OBJC_IMPLICIT_RETAIN_SELF = YES;
				CLANG_WARN_OBJC_LITERAL_CONVERSION = YES;
				CLANG_WARN_OBJC_ROOT_CLASS = YES_ERROR;
				CLANG_WARN_RANGE_LOOP_ANALYSIS = YES;
				CLANG_WARN_STRICT_PROTOTYPES = YES;
				CLANG_WARN_SUSPICIOUS_MOVE = YES;
				CLANG_WARN_UNGUARDED_AVAILABILITY = YES_AGGRESSIVE;
				CLANG_WARN_UNREACHABLE_CODE = YES;
				CLANG_WARN__DUPLICATE_METHOD_MATCH = YES;
				COPY_PHASE_STRIP = NO;
				DEBUG_INFORMATION_FORMAT = dwarf;
				ENABLE_STRICT_OBJC_MSGSEND = YES;
				ENABLE_TESTABILITY = YES;
				GCC_C_LANGUAGE_STANDARD = gnu11;
				GCC_DYNAMIC_NO_PIC = NO;
				GCC_NO_COMMON_BLOCKS = YES;
				GCC_OPTIMIZATION_LEVEL = 0;
				GCC_PREPROCESSOR_DEFINITIONS = (
					"DEBUG=1",
					"$(inherited)",
				);
				GCC_WARN_64_TO_32_BIT_CONVERSION = YES;
				GCC_WARN_ABOUT_RETURN_TYPE = YES_ERROR;
				GCC_WARN_UNDECLARED_SELECTOR = YES;
				GCC_WARN_UNINITIALIZED_AUTOS = YES_AGGRESSIVE;
				GCC_WARN_UNUSED_FUNCTION = YES;
				GCC_WARN_UNUSED_VARIABLE = YES;
				IPHONEOS_DEPLOYMENT_TARGET = 13.5;
				MTL_ENABLE_DEBUG_INFO = INCLUDE_SOURCE;
				MTL_FAST_MATH = YES;
				ONLY_ACTIVE_ARCH = YES;
				SDKROOT = iphoneos;
				SWIFT_ACTIVE_COMPILATION_CONDITIONS = DEBUG;
				SWIFT_OPTIMIZATION_LEVEL = "-Onone";
			};
			name = Debug;
		};
		CEE70400249C03E200628F69 /* Release */ = {
			isa = XCBuildConfiguration;
			buildSettings = {
				ALWAYS_SEARCH_USER_PATHS = NO;
				CLANG_ANALYZER_NONNULL = YES;
				CLANG_ANALYZER_NUMBER_OBJECT_CONVERSION = YES_AGGRESSIVE;
				CLANG_CXX_LANGUAGE_STANDARD = "gnu++14";
				CLANG_CXX_LIBRARY = "libc++";
				CLANG_ENABLE_MODULES = YES;
				CLANG_ENABLE_OBJC_ARC = YES;
				CLANG_ENABLE_OBJC_WEAK = YES;
				CLANG_WARN_BLOCK_CAPTURE_AUTORELEASING = YES;
				CLANG_WARN_BOOL_CONVERSION = YES;
				CLANG_WARN_COMMA = YES;
				CLANG_WARN_CONSTANT_CONVERSION = YES;
				CLANG_WARN_DEPRECATED_OBJC_IMPLEMENTATIONS = YES;
				CLANG_WARN_DIRECT_OBJC_ISA_USAGE = YES_ERROR;
				CLANG_WARN_DOCUMENTATION_COMMENTS = YES;
				CLANG_WARN_EMPTY_BODY = YES;
				CLANG_WARN_ENUM_CONVERSION = YES;
				CLANG_WARN_INFINITE_RECURSION = YES;
				CLANG_WARN_INT_CONVERSION = YES;
				CLANG_WARN_NON_LITERAL_NULL_CONVERSION = YES;
				CLANG_WARN_OBJC_IMPLICIT_RETAIN_SELF = YES;
				CLANG_WARN_OBJC_LITERAL_CONVERSION = YES;
				CLANG_WARN_OBJC_ROOT_CLASS = YES_ERROR;
				CLANG_WARN_RANGE_LOOP_ANALYSIS = YES;
				CLANG_WARN_STRICT_PROTOTYPES = YES;
				CLANG_WARN_SUSPICIOUS_MOVE = YES;
				CLANG_WARN_UNGUARDED_AVAILABILITY = YES_AGGRESSIVE;
				CLANG_WARN_UNREACHABLE_CODE = YES;
				CLANG_WARN__DUPLICATE_METHOD_MATCH = YES;
				COPY_PHASE_STRIP = NO;
				DEBUG_INFORMATION_FORMAT = "dwarf-with-dsym";
				ENABLE_NS_ASSERTIONS = NO;
				ENABLE_STRICT_OBJC_MSGSEND = YES;
				GCC_C_LANGUAGE_STANDARD = gnu11;
				GCC_NO_COMMON_BLOCKS = YES;
				GCC_WARN_64_TO_32_BIT_CONVERSION = YES;
				GCC_WARN_ABOUT_RETURN_TYPE = YES_ERROR;
				GCC_WARN_UNDECLARED_SELECTOR = YES;
				GCC_WARN_UNINITIALIZED_AUTOS = YES_AGGRESSIVE;
				GCC_WARN_UNUSED_FUNCTION = YES;
				GCC_WARN_UNUSED_VARIABLE = YES;
				IPHONEOS_DEPLOYMENT_TARGET = 13.5;
				MTL_ENABLE_DEBUG_INFO = NO;
				MTL_FAST_MATH = YES;
				SDKROOT = iphoneos;
				SWIFT_COMPILATION_MODE = wholemodule;
				SWIFT_OPTIMIZATION_LEVEL = "-O";
				VALIDATE_PRODUCT = YES;
			};
			name = Release;
		};
		CEE70402249C03E200628F69 /* Debug */ = {
			isa = XCBuildConfiguration;
			buildSettings = {
				ASSETCATALOG_COMPILER_APPICON_NAME = AppIcon;
				CODE_SIGN_STYLE = Automatic;
				DEVELOPMENT_TEAM = SV69BK44Z9;
				INFOPLIST_FILE = Top100Albums/Info.plist;
				LD_RUNPATH_SEARCH_PATHS = (
					"$(inherited)",
					"@executable_path/Frameworks",
				);
				PRODUCT_BUNDLE_IDENTIFIER = "Paus-Productions.Top100Albums";
				PRODUCT_NAME = "$(TARGET_NAME)";
				SWIFT_VERSION = 5.0;
				TARGETED_DEVICE_FAMILY = "1,2";
			};
			name = Debug;
		};
		CEE70403249C03E200628F69 /* Release */ = {
			isa = XCBuildConfiguration;
			buildSettings = {
				ASSETCATALOG_COMPILER_APPICON_NAME = AppIcon;
				CODE_SIGN_STYLE = Automatic;
				DEVELOPMENT_TEAM = SV69BK44Z9;
				INFOPLIST_FILE = Top100Albums/Info.plist;
				LD_RUNPATH_SEARCH_PATHS = (
					"$(inherited)",
					"@executable_path/Frameworks",
				);
				PRODUCT_BUNDLE_IDENTIFIER = "Paus-Productions.Top100Albums";
				PRODUCT_NAME = "$(TARGET_NAME)";
				SWIFT_VERSION = 5.0;
				TARGETED_DEVICE_FAMILY = "1,2";
			};
			name = Release;
		};
		CEE70405249C03E200628F69 /* Debug */ = {
			isa = XCBuildConfiguration;
			buildSettings = {
				ALWAYS_EMBED_SWIFT_STANDARD_LIBRARIES = YES;
				BUNDLE_LOADER = "$(TEST_HOST)";
				CODE_SIGN_STYLE = Automatic;
				DEVELOPMENT_TEAM = SV69BK44Z9;
				INFOPLIST_FILE = Top100AlbumsTests/Info.plist;
				IPHONEOS_DEPLOYMENT_TARGET = 13.5;
				LD_RUNPATH_SEARCH_PATHS = (
					"$(inherited)",
					"@executable_path/Frameworks",
					"@loader_path/Frameworks",
				);
				PRODUCT_BUNDLE_IDENTIFIER = "Paus-Productions.Top100AlbumsTests";
				PRODUCT_NAME = "$(TARGET_NAME)";
				SWIFT_VERSION = 5.0;
				TARGETED_DEVICE_FAMILY = "1,2";
				TEST_HOST = "$(BUILT_PRODUCTS_DIR)/Top100Albums.app/Top100Albums";
			};
			name = Debug;
		};
		CEE70406249C03E200628F69 /* Release */ = {
			isa = XCBuildConfiguration;
			buildSettings = {
				ALWAYS_EMBED_SWIFT_STANDARD_LIBRARIES = YES;
				BUNDLE_LOADER = "$(TEST_HOST)";
				CODE_SIGN_STYLE = Automatic;
				DEVELOPMENT_TEAM = SV69BK44Z9;
				INFOPLIST_FILE = Top100AlbumsTests/Info.plist;
				IPHONEOS_DEPLOYMENT_TARGET = 13.5;
				LD_RUNPATH_SEARCH_PATHS = (
					"$(inherited)",
					"@executable_path/Frameworks",
					"@loader_path/Frameworks",
				);
				PRODUCT_BUNDLE_IDENTIFIER = "Paus-Productions.Top100AlbumsTests";
				PRODUCT_NAME = "$(TARGET_NAME)";
				SWIFT_VERSION = 5.0;
				TARGETED_DEVICE_FAMILY = "1,2";
				TEST_HOST = "$(BUILT_PRODUCTS_DIR)/Top100Albums.app/Top100Albums";
			};
			name = Release;
		};
		CEE70408249C03E200628F69 /* Debug */ = {
			isa = XCBuildConfiguration;
			buildSettings = {
				ALWAYS_EMBED_SWIFT_STANDARD_LIBRARIES = YES;
				CODE_SIGN_STYLE = Automatic;
				DEVELOPMENT_TEAM = SV69BK44Z9;
				INFOPLIST_FILE = Top100AlbumsUITests/Info.plist;
				LD_RUNPATH_SEARCH_PATHS = (
					"$(inherited)",
					"@executable_path/Frameworks",
					"@loader_path/Frameworks",
				);
				PRODUCT_BUNDLE_IDENTIFIER = "Paus-Productions.Top100AlbumsUITests";
				PRODUCT_NAME = "$(TARGET_NAME)";
				SWIFT_VERSION = 5.0;
				TARGETED_DEVICE_FAMILY = "1,2";
				TEST_TARGET_NAME = Top100Albums;
			};
			name = Debug;
		};
		CEE70409249C03E200628F69 /* Release */ = {
			isa = XCBuildConfiguration;
			buildSettings = {
				ALWAYS_EMBED_SWIFT_STANDARD_LIBRARIES = YES;
				CODE_SIGN_STYLE = Automatic;
				DEVELOPMENT_TEAM = SV69BK44Z9;
				INFOPLIST_FILE = Top100AlbumsUITests/Info.plist;
				LD_RUNPATH_SEARCH_PATHS = (
					"$(inherited)",
					"@executable_path/Frameworks",
					"@loader_path/Frameworks",
				);
				PRODUCT_BUNDLE_IDENTIFIER = "Paus-Productions.Top100AlbumsUITests";
				PRODUCT_NAME = "$(TARGET_NAME)";
				SWIFT_VERSION = 5.0;
				TARGETED_DEVICE_FAMILY = "1,2";
				TEST_TARGET_NAME = Top100Albums;
			};
			name = Release;
		};
/* End XCBuildConfiguration section */

/* Begin XCConfigurationList section */
		CEE703D2249C03DF00628F69 /* Build configuration list for PBXProject "Top100Albums" */ = {
			isa = XCConfigurationList;
			buildConfigurations = (
				CEE703FF249C03E200628F69 /* Debug */,
				CEE70400249C03E200628F69 /* Release */,
			);
			defaultConfigurationIsVisible = 0;
			defaultConfigurationName = Release;
		};
		CEE70401249C03E200628F69 /* Build configuration list for PBXNativeTarget "Top100Albums" */ = {
			isa = XCConfigurationList;
			buildConfigurations = (
				CEE70402249C03E200628F69 /* Debug */,
				CEE70403249C03E200628F69 /* Release */,
			);
			defaultConfigurationIsVisible = 0;
			defaultConfigurationName = Release;
		};
		CEE70404249C03E200628F69 /* Build configuration list for PBXNativeTarget "Top100AlbumsTests" */ = {
			isa = XCConfigurationList;
			buildConfigurations = (
				CEE70405249C03E200628F69 /* Debug */,
				CEE70406249C03E200628F69 /* Release */,
			);
			defaultConfigurationIsVisible = 0;
			defaultConfigurationName = Release;
		};
		CEE70407249C03E200628F69 /* Build configuration list for PBXNativeTarget "Top100AlbumsUITests" */ = {
			isa = XCConfigurationList;
			buildConfigurations = (
				CEE70408249C03E200628F69 /* Debug */,
				CEE70409249C03E200628F69 /* Release */,
			);
			defaultConfigurationIsVisible = 0;
			defaultConfigurationName = Release;
		};
/* End XCConfigurationList section */
	};
	rootObject = CEE703CF249C03DF00628F69 /* Project object */;
}
